{
  "version": 4,
  "terraform_version": "1.2.7",
  "serial": 31,
  "lineage": "4f0b137c-8911-b0f0-7c77-d297edff159d",
  "outputs": {
    "Terraform_AWS_Provider": {
      "value": "https://registry.terraform.io/providers/hashicorp/aws/latest/docs",
      "type": "string"
    },
    "Terraform_Functions": {
      "value": "https://www.terraform.io/language/functions",
      "type": "string"
    },
    "Terraform_Workspace": {
      "value": "default",
      "type": "string"
    },
    "example_output": {
      "value": "us-east-2***Random Arbitrary Text",
      "type": "string"
    },
    "example_output_sensative": {
      "value": "example_output",
      "type": "string",
      "sensitive": true
    }
  },
  "resources": [
    {
      "mode": "managed",
      "type": "aws_dynamodb_table",
      "name": "basic-dynamodb-table",
      "provider": "provider[\"registry.terraform.io/hashicorp/aws\"]",
      "instances": [
        {
          "schema_version": 1,
          "attributes": {
            "arn": "arn:aws:dynamodb:us-east-2:296630729054:table/drewnys-learn-terraform",
            "attribute": [
              {
                "name": "id",
                "type": "S"
              }
            ],
            "billing_mode": "PROVISIONED",
            "global_secondary_index": [],
            "hash_key": "id",
            "id": "drewnys-learn-terraform",
            "local_secondary_index": [],
            "name": "drewnys-learn-terraform",
            "point_in_time_recovery": [
              {
                "enabled": false
              }
            ],
            "range_key": null,
            "read_capacity": 5,
            "replica": [],
            "restore_date_time": null,
            "restore_source_name": null,
            "restore_to_latest_time": null,
            "server_side_encryption": [],
            "stream_arn": "",
            "stream_enabled": false,
            "stream_label": "",
            "stream_view_type": "",
            "table_class": "",
            "tags": {
              "Environment": "DEV",
              "LatestComment": "Test check in comment",
              "Name": "My Terraform DynamoDB"
            },
            "tags_all": {
              "Environment": "DEV",
              "LatestComment": "Test check in comment",
              "Name": "My Terraform DynamoDB"
            },
            "timeouts": null,
            "ttl": [
              {
                "attribute_name": "",
                "enabled": false
              }
            ],
            "write_capacity": 5
          },
          "sensitive_attributes": [],
          "private": "eyJlMmJmYjczMC1lY2FhLTExZTYtOGY4OC0zNDM2M2JjN2M0YzAiOnsiY3JlYXRlIjoxODAwMDAwMDAwMDAwLCJkZWxldGUiOjYwMDAwMDAwMDAwMCwidXBkYXRlIjozNjAwMDAwMDAwMDAwfSwic2NoZW1hX3ZlcnNpb24iOiIxIn0="
        }
      ]
    },
    {
      "mode": "managed",
      "type": "aws_s3_bucket",
      "name": "terraformS3",
      "provider": "provider[\"registry.terraform.io/hashicorp/aws\"]",
      "instances": [
        {
          "schema_version": 0,
          "attributes": {
            "acceleration_status": "",
            "acl": null,
            "arn": "arn:aws:s3:::drewnys-learn-terraform",
            "bucket": "drewnys-learn-terraform",
            "bucket_domain_name": "drewnys-learn-terraform.s3.amazonaws.com",
            "bucket_prefix": null,
            "bucket_regional_domain_name": "drewnys-learn-terraform.s3.us-east-2.amazonaws.com",
            "cors_rule": [],
            "force_destroy": false,
            "grant": [
              {
                "id": "036a8b672c6dae58c33d185779b4160b3bc4177c8cb824de1f9a16a550b6b435",
                "permissions": [
                  "FULL_CONTROL"
                ],
                "type": "CanonicalUser",
                "uri": ""
              }
            ],
            "hosted_zone_id": "Z2O1EMRO9K5GLX",
            "id": "drewnys-learn-terraform",
            "lifecycle_rule": [],
            "logging": [],
            "object_lock_configuration": [],
            "object_lock_enabled": false,
            "policy": "",
            "region": "us-east-2",
            "replication_configuration": [],
            "request_payer": "BucketOwner",
            "server_side_encryption_configuration": [],
            "tags": {
              "Environment": "DEV",
              "LatestComment": "Test check in comment",
              "Name": "My Terraform S3 Bucket"
            },
            "tags_all": {
              "Environment": "DEV",
              "LatestComment": "Test check in comment",
              "Name": "My Terraform S3 Bucket"
            },
            "timeouts": null,
            "versioning": [
              {
                "enabled": false,
                "mfa_delete": false
              }
            ],
            "website": [],
            "website_domain": null,
            "website_endpoint": null
          },
          "sensitive_attributes": [],
          "private": "eyJlMmJmYjczMC1lY2FhLTExZTYtOGY4OC0zNDM2M2JjN2M0YzAiOnsiY3JlYXRlIjoxMjAwMDAwMDAwMDAwLCJkZWxldGUiOjM2MDAwMDAwMDAwMDAsInJlYWQiOjEyMDAwMDAwMDAwMDAsInVwZGF0ZSI6MTIwMDAwMDAwMDAwMH19"
        }
      ]
    }
  ]
}
